
Microsoft Visual Studio Solution File, Format Version 12.00
# Visual Studio Version 16
VisualStudioVersion = 16.0.29911.84
MinimumVisualStudioVersion = 10.0.40219.1
Project("{FAE04EC0-301F-11D3-BF4B-00C04F79EFBC}") = "args", "args.csproj", "{2ADECB03-9F7C-4ED2-ACC9-2025A82185D6}"
EndProject
Global
	GlobalSection(SolutionConfigurationPlatforms) = preSolution
		Debug|Any CPU = Debug|Any CPU
		Release|Any CPU = Release|Any CPU
	EndGlobalSection
	GlobalSection(ProjectConfigurationPlatforms) = postSolution
		{2ADECB03-9F7C-4ED2-ACC9-2025A82185D6}.Debug|Any CPU.ActiveCfg = Debug|Any CPU
		{2ADECB03-9F7C-4ED2-ACC9-2025A82185D6}.Debug|Any CPU.Build.0 = Debug|Any CPU
		{2ADECB03-9F7C-4ED2-ACC9-2025A82185D6}.Release|Any CPU.ActiveCfg = Release|Any CPU
		{2ADECB03-9F7C-4ED2-ACC9-2025A82185D6}.Release|Any CPU.Build.0 = Release|Any CPU
	EndGlobalSection
	GlobalSection(SolutionProperties) = preSolution
		HideSolutionNode = FALSE
	EndGlobalSection
	GlobalSection(ExtensibilityGlobals) = postSolution
		SolutionGuid = {F12790B3-C453-478C-8D8A-59783AF3F7BE}
	EndGlobalSection
EndGlobal
