
Microsoft Visual Studio Solution File, Format Version 12.00
# Visual Studio Version 16
VisualStudioVersion = 16.0.29911.84
MinimumVisualStudioVersion = 10.0.40219.1
Project("{9A19103F-16F7-4668-BE54-9A1E7A4F7556}") = "RemoveExtraBlanks", "RemoveExtraBlanks.csproj", "{97A1CB2C-473E-4AA6-BAFB-05393A4069B2}"
EndProject
Project("{FAE04EC0-301F-11D3-BF4B-00C04F79EFBC}") = "RemoveExtraBlanksTests", "..\RemoveExtraBlanksTests\RemoveExtraBlanksTests.csproj", "{559B96CD-A1B0-4C1B-B0D4-DD7DEC534B2C}"
EndProject
Global
	GlobalSection(SolutionConfigurationPlatforms) = preSolution
		Debug|Any CPU = Debug|Any CPU
		Release|Any CPU = Release|Any CPU
	EndGlobalSection
	GlobalSection(ProjectConfigurationPlatforms) = postSolution
		{97A1CB2C-473E-4AA6-BAFB-05393A4069B2}.Debug|Any CPU.ActiveCfg = Debug|Any CPU
		{97A1CB2C-473E-4AA6-BAFB-05393A4069B2}.Debug|Any CPU.Build.0 = Debug|Any CPU
		{97A1CB2C-473E-4AA6-BAFB-05393A4069B2}.Release|Any CPU.ActiveCfg = Release|Any CPU
		{97A1CB2C-473E-4AA6-BAFB-05393A4069B2}.Release|Any CPU.Build.0 = Release|Any CPU
		{559B96CD-A1B0-4C1B-B0D4-DD7DEC534B2C}.Debug|Any CPU.ActiveCfg = Debug|Any CPU
		{559B96CD-A1B0-4C1B-B0D4-DD7DEC534B2C}.Debug|Any CPU.Build.0 = Debug|Any CPU
		{559B96CD-A1B0-4C1B-B0D4-DD7DEC534B2C}.Release|Any CPU.ActiveCfg = Release|Any CPU
		{559B96CD-A1B0-4C1B-B0D4-DD7DEC534B2C}.Release|Any CPU.Build.0 = Release|Any CPU
	EndGlobalSection
	GlobalSection(SolutionProperties) = preSolution
		HideSolutionNode = FALSE
	EndGlobalSection
	GlobalSection(ExtensibilityGlobals) = postSolution
		SolutionGuid = {3023B963-7190-41B6-B085-0CD3CC5C210A}
	EndGlobalSection
EndGlobal
